// !$*UTF8*$!
{
	archiveVersion = 1;
	classes = {
	};
	objectVersion = 77;
	objects = {

/* Begin PBXBuildFile section */
		D90100082F38A17100CB1506 /* WordSearchWidgetExtension.appex in Embed App Extensions */ = {isa = PBXBuildFile; fileRef = D90100012F38A17100CB1506 /* WordSearchWidgetExtension.appex */; settings = {ATTRIBUTES = (RemoveHeadersOnCopy, ); }; };
/* End PBXBuildFile section */

/* Begin PBXContainerItemProxy section */
		D90088462F38A17300CB1506 /* PBXContainerItemProxy */ = {
			isa = PBXContainerItemProxy;
			containerPortal = D900882E2F38A17100CB1506 /* Project object */;
			proxyType = 1;
			remoteGlobalIDString = D90088352F38A17100CB1506;
			remoteInfo = miapp;
		};
		D90088502F38A17300CB1506 /* PBXContainerItemProxy */ = {
			isa = PBXContainerItemProxy;
			containerPortal = D900882E2F38A17100CB1506 /* Project object */;
			proxyType = 1;
			remoteGlobalIDString = D90088352F38A17100CB1506;
			remoteInfo = miapp;
		};
		D901000A2F38A17100CB1506 /* PBXContainerItemProxy */ = {
			isa = PBXContainerItemProxy;
			containerPortal = D900882E2F38A17100CB1506 /* Project object */;
			proxyType = 1;
			remoteGlobalIDString = D90100032F38A17100CB1506;
			remoteInfo = WordSearchWidgetExtension;
		};
/* End PBXContainerItemProxy section */

/* Begin PBXCopyFilesBuildPhase section */
		D90100072F38A17100CB1506 /* Embed App Extensions */ = {
			isa = PBXCopyFilesBuildPhase;
			buildActionMask = 2147483647;
			dstPath = "";
			dstSubfolderSpec = 13;
			files = (
				D90100082F38A17100CB1506 /* WordSearchWidgetExtension.appex in Embed App Extensions */,
			);
			name = "Embed App Extensions";
			runOnlyForDeploymentPostprocessing = 0;
		};
/* End PBXCopyFilesBuildPhase section */

/* Begin PBXFileReference section */
		D90088362F38A17100CB1506 /* miapp.app */ = {isa = PBXFileReference; explicitFileType = wrapper.application; includeInIndex = 0; path = miapp.app; sourceTree = BUILT_PRODUCTS_DIR; };
		D90088452F38A17300CB1506 /* miappTests.xctest */ = {isa = PBXFileReference; explicitFileType = wrapper.cfbundle; includeInIndex = 0; path = miappTests.xctest; sourceTree = BUILT_PRODUCTS_DIR; };
		D900884F2F38A17300CB1506 /* miappUITests.xctest */ = {isa = PBXFileReference; explicitFileType = wrapper.cfbundle; includeInIndex = 0; path = miappUITests.xctest; sourceTree = BUILT_PRODUCTS_DIR; };
		D90100012F38A17100CB1506 /* WordSearchWidgetExtension.appex */ = {isa = PBXFileReference; explicitFileType = "wrapper.app-extension"; includeInIndex = 0; path = WordSearchWidgetExtension.appex; sourceTree = BUILT_PRODUCTS_DIR; };
/* End PBXFileReference section */

/* Begin PBXFileSystemSynchronizedRootGroup section */
		D90088382F38A17100CB1506 /* miapp */ = {
			isa = PBXFileSystemSynchronizedRootGroup;
			path = miapp;
			sourceTree = "<group>";
		};
		D90088482F38A17300CB1506 /* miappTests */ = {
			isa = PBXFileSystemSynchronizedRootGroup;
			path = miappTests;
			sourceTree = "<group>";
		};
		D90088522F38A17300CB1506 /* miappUITests */ = {
			isa = PBXFileSystemSynchronizedRootGroup;
			path = miappUITests;
			sourceTree = "<group>";
		};
		D90100022F38A17100CB1506 /* WordSearchWidgetExtension */ = {
			isa = PBXFileSystemSynchronizedRootGroup;
			path = WordSearchWidgetExtension;
			sourceTree = "<group>";
		};
/* End PBXFileSystemSynchronizedRootGroup section */

/* Begin PBXFrameworksBuildPhase section */
		D90088332F38A17100CB1506 /* Frameworks */ = {
			isa = PBXFrameworksBuildPhase;
			buildActionMask = 2147483647;
			files = (
			);
			runOnlyForDeploymentPostprocessing = 0;
		};
		D90088422F38A17300CB1506 /* Frameworks */ = {
			isa = PBXFrameworksBuildPhase;
			buildActionMask = 2147483647;
			files = (
			);
			runOnlyForDeploymentPostprocessing = 0;
		};
		D900884C2F38A17300CB1506 /* Frameworks */ = {
			isa = PBXFrameworksBuildPhase;
			buildActionMask = 2147483647;
			files = (
			);
			runOnlyForDeploymentPostprocessing = 0;
		};
		D90100052F38A17100CB1506 /* Frameworks */ = {
			isa = PBXFrameworksBuildPhase;
			buildActionMask = 2147483647;
			files = (
			);
			runOnlyForDeploymentPostprocessing = 0;
		};
/* End PBXFrameworksBuildPhase section */

/* Begin PBXGroup section */
		D900882D2F38A17100CB1506 = {
			isa = PBXGroup;
			children = (
				D90088382F38A17100CB1506 /* miapp */,
				D90100022F38A17100CB1506 /* WordSearchWidgetExtension */,
				D90088482F38A17300CB1506 /* miappTests */,
				D90088522F38A17300CB1506 /* miappUITests */,
				D90088372F38A17100CB1506 /* Products */,
			);
			sourceTree = "<group>";
		};
		D90088372F38A17100CB1506 /* Products */ = {
			isa = PBXGroup;
			children = (
				D90088362F38A17100CB1506 /* miapp.app */,
				D90100012F38A17100CB1506 /* WordSearchWidgetExtension.appex */,
				D90088452F38A17300CB1506 /* miappTests.xctest */,
				D900884F2F38A17300CB1506 /* miappUITests.xctest */,
			);
			name = Products;
			sourceTree = "<group>";
		};
/* End PBXGroup section */

/* Begin PBXNativeTarget section */
		D90088352F38A17100CB1506 /* miapp */ = {
			isa = PBXNativeTarget;
			buildConfigurationList = D90088592F38A17300CB1506 /* Build configuration list for PBXNativeTarget "miapp" */;
			buildPhases = (
				D90088322F38A17100CB1506 /* Sources */,
				D90088332F38A17100CB1506 /* Frameworks */,
				D90088342F38A17100CB1506 /* Resources */,
				D90100072F38A17100CB1506 /* Embed App Extensions */,
			);
			buildRules = (
			);
			dependencies = (
				D90100092F38A17100CB1506 /* PBXTargetDependency */,
			);
			fileSystemSynchronizedGroups = (
				D90088382F38A17100CB1506 /* miapp */,
			);
			name = miapp;
			packageProductDependencies = (
			);
			productName = miapp;
			productReference = D90088362F38A17100CB1506 /* miapp.app */;
			productType = "com.apple.product-type.application";
		};
		D90088442F38A17300CB1506 /* miappTests */ = {
			isa = PBXNativeTarget;
			buildConfigurationList = D900885C2F38A17300CB1506 /* Build configuration list for PBXNativeTarget "miappTests" */;
			buildPhases = (
				D90088412F38A17300CB1506 /* Sources */,
				D90088422F38A17300CB1506 /* Frameworks */,
				D90088432F38A17300CB1506 /* Resources */,
			);
			buildRules = (
			);
			dependencies = (
				D90088472F38A17300CB1506 /* PBXTargetDependency */,
			);
			fileSystemSynchronizedGroups = (
				D90088482F38A17300CB1506 /* miappTests */,
			);
			name = miappTests;
			packageProductDependencies = (
			);
			productName = miappTests;
			productReference = D90088452F38A17300CB1506 /* miappTests.xctest */;
			productType = "com.apple.product-type.bundle.unit-test";
		};
		D900884E2F38A17300CB1506 /* miappUITests */ = {
			isa = PBXNativeTarget;
			buildConfigurationList = D900885F2F38A17300CB1506 /* Build configuration list for PBXNativeTarget "miappUITests" */;
			buildPhases = (
				D900884B2F38A17300CB1506 /* Sources */,
				D900884C2F38A17300CB1506 /* Frameworks */,
				D900884D2F38A17300CB1506 /* Resources */,
			);
			buildRules = (
			);
			dependencies = (
				D90088512F38A17300CB1506 /* PBXTargetDependency */,
			);
			fileSystemSynchronizedGroups = (
				D90088522F38A17300CB1506 /* miappUITests */,
			);
			name = miappUITests;
			packageProductDependencies = (
			);
			productName = miappUITests;
			productReference = D900884F2F38A17300CB1506 /* miappUITests.xctest */;
			productType = "com.apple.product-type.bundle.ui-testing";
		};
		D90100032F38A17100CB1506 /* WordSearchWidgetExtension */ = {
			isa = PBXNativeTarget;
			buildConfigurationList = D901000D2F38A17100CB1506 /* Build configuration list for PBXNativeTarget "WordSearchWidgetExtension" */;
			buildPhases = (
				D90100042F38A17100CB1506 /* Sources */,
				D90100052F38A17100CB1506 /* Frameworks */,
				D90100062F38A17100CB1506 /* Resources */,
			);
			buildRules = (
			);
			dependencies = (
			);
			fileSystemSynchronizedGroups = (
				D90100022F38A17100CB1506 /* WordSearchWidgetExtension */,
			);
			name = WordSearchWidgetExtension;
			packageProductDependencies = (
			);
			productName = WordSearchWidgetExtension;
			productReference = D90100012F38A17100CB1506 /* WordSearchWidgetExtension.appex */;
			productType = "com.apple.product-type.app-extension";
		};
/* End PBXNativeTarget section */

/* Begin PBXProject section */
		D900882E2F38A17100CB1506 /* Project object */ = {
			isa = PBXProject;
			attributes = {
				BuildIndependentTargetsInParallel = 1;
				LastSwiftUpdateCheck = 2620;
				LastUpgradeCheck = 2620;
				TargetAttributes = {
					D90088352F38A17100CB1506 = {
						CreatedOnToolsVersion = 26.2;
					};
					D90088442F38A17300CB1506 = {
						CreatedOnToolsVersion = 26.2;
						TestTargetID = D90088352F38A17100CB1506;
					};
					D900884E2F38A17300CB1506 = {
						CreatedOnToolsVersion = 26.2;
						TestTargetID = D90088352F38A17100CB1506;
					};
					D90100032F38A17100CB1506 = {
						CreatedOnToolsVersion = 26.2;
					};
				};
			};
			buildConfigurationList = D90088312F38A17100CB1506 /* Build configuration list for PBXProject "miapp" */;
			developmentRegion = en;
			hasScannedForEncodings = 0;
			knownRegions = (
				en,
				Base,
			);
			mainGroup = D900882D2F38A17100CB1506;
			minimizedProjectReferenceProxies = 1;
			preferredProjectObjectVersion = 77;
			productRefGroup = D90088372F38A17100CB1506 /* Products */;
			projectDirPath = "";
			projectRoot = "";
			targets = (
				D90088352F38A17100CB1506 /* miapp */,
				D90100032F38A17100CB1506 /* WordSearchWidgetExtension */,
				D90088442F38A17300CB1506 /* miappTests */,
				D900884E2F38A17300CB1506 /* miappUITests */,
			);
		};
/* End PBXProject section */

/* Begin PBXResourcesBuildPhase section */
		D90088342F38A17100CB1506 /* Resources */ = {
			isa = PBXResourcesBuildPhase;
			buildActionMask = 2147483647;
			files = (
			);
			runOnlyForDeploymentPostprocessing = 0;
		};
		D90088432F38A17300CB1506 /* Resources */ = {
			isa = PBXResourcesBuildPhase;
			buildActionMask = 2147483647;
			files = (
			);
			runOnlyForDeploymentPostprocessing = 0;
		};
		D900884D2F38A17300CB1506 /* Resources */ = {
			isa = PBXResourcesBuildPhase;
			buildActionMask = 2147483647;
			files = (
			);
			runOnlyForDeploymentPostprocessing = 0;
		};
		D90100062F38A17100CB1506 /* Resources */ = {
			isa = PBXResourcesBuildPhase;
			buildActionMask = 2147483647;
			files = (
			);
			runOnlyForDeploymentPostprocessing = 0;
		};
/* End PBXResourcesBuildPhase section */

/* Begin PBXSourcesBuildPhase section */
		D90088322F38A17100CB1506 /* Sources */ = {
			isa = PBXSourcesBuildPhase;
			buildActionMask = 2147483647;
			files = (
			);
			runOnlyForDeploymentPostprocessing = 0;
		};
		D90088412F38A17300CB1506 /* Sources */ = {
			isa = PBXSourcesBuildPhase;
			buildActionMask = 2147483647;
			files = (
			);
			runOnlyForDeploymentPostprocessing = 0;
		};
		D900884B2F38A17300CB1506 /* Sources */ = {
			isa = PBXSourcesBuildPhase;
			buildActionMask = 2147483647;
			files = (
			);
			runOnlyForDeploymentPostprocessing = 0;
		};
		D90100042F38A17100CB1506 /* Sources */ = {
			isa = PBXSourcesBuildPhase;
			buildActionMask = 2147483647;
			files = (
			);
			runOnlyForDeploymentPostprocessing = 0;
		};
/* End PBXSourcesBuildPhase section */

/* Begin PBXTargetDependency section */
		D90088472F38A17300CB1506 /* PBXTargetDependency */ = {
			isa = PBXTargetDependency;
			target = D90088352F38A17100CB1506 /* miapp */;
			targetProxy = D90088462F38A17300CB1506 /* PBXContainerItemProxy */;
		};
		D90088512F38A17300CB1506 /* PBXTargetDependency */ = {
			isa = PBXTargetDependency;
			target = D90088352F38A17100CB1506 /* miapp */;
			targetProxy = D90088502F38A17300CB1506 /* PBXContainerItemProxy */;
		};
		D90100092F38A17100CB1506 /* PBXTargetDependency */ = {
			isa = PBXTargetDependency;
			target = D90100032F38A17100CB1506 /* WordSearchWidgetExtension */;
			targetProxy = D901000A2F38A17100CB1506 /* PBXContainerItemProxy */;
		};
/* End PBXTargetDependency section */

/* Begin XCBuildConfiguration section */
		D90088572F38A17300CB1506 /* Debug */ = {
			isa = XCBuildConfiguration;
			buildSettings = {
				ALWAYS_SEARCH_USER_PATHS = NO;
				ASSETCATALOG_COMPILER_GENERATE_SWIFT_ASSET_SYMBOL_EXTENSIONS = YES;
				CLANG_ANALYZER_NONNULL = YES;
				CLANG_ANALYZER_NUMBER_OBJECT_CONVERSION = YES_AGGRESSIVE;
				CLANG_CXX_LANGUAGE_STANDARD = "gnu++20";
				CLANG_ENABLE_MODULES = YES;
				CLANG_ENABLE_OBJC_ARC = YES;
				CLANG_ENABLE_OBJC_WEAK = YES;
				CLANG_WARN_BLOCK_CAPTURE_AUTORELEASING = YES;
				CLANG_WARN_BOOL_CONVERSION = YES;
				CLANG_WARN_COMMA = YES;
				CLANG_WARN_CONSTANT_CONVERSION = YES;
				CLANG_WARN_DEPRECATED_OBJC_IMPLEMENTATIONS = YES;
				CLANG_WARN_DIRECT_OBJC_ISA_USAGE = YES_ERROR;
				CLANG_WARN_DOCUMENTATION_COMMENTS = YES;
				CLANG_WARN_EMPTY_BODY = YES;
				CLANG_WARN_ENUM_CONVERSION = YES;
				CLANG_WARN_INFINITE_RECURSION = YES;
				CLANG_WARN_INT_CONVERSION = YES;
				CLANG_WARN_NON_LITERAL_NULL_CONVERSION = YES;
				CLANG_WARN_OBJC_IMPLICIT_RETAIN_SELF = YES;
				CLANG_WARN_OBJC_LITERAL_CONVERSION = YES;
				CLANG_WARN_OBJC_ROOT_CLASS = YES_ERROR;
				CLANG_WARN_QUOTED_INCLUDE_IN_FRAMEWORK_HEADER = YES;
				CLANG_WARN_RANGE_LOOP_ANALYSIS = YES;
				CLANG_WARN_STRICT_PROTOTYPES = YES;
				CLANG_WARN_SUSPICIOUS_MOVE = YES;
				CLANG_WARN_UNGUARDED_AVAILABILITY = YES_AGGRESSIVE;
				CLANG_WARN_UNREACHABLE_CODE = YES;
				CLANG_WARN__DUPLICATE_METHOD_MATCH = YES;
				COPY_PHASE_STRIP = NO;
				DEBUG_INFORMATION_FORMAT = dwarf;
				ENABLE_STRICT_OBJC_MSGSEND = YES;
				ENABLE_TESTABILITY = YES;
				ENABLE_USER_SCRIPT_SANDBOXING = YES;
				GCC_C_LANGUAGE_STANDARD = gnu17;
				GCC_DYNAMIC_NO_PIC = NO;
				GCC_NO_COMMON_BLOCKS = YES;
				GCC_OPTIMIZATION_LEVEL = 0;
				GCC_PREPROCESSOR_DEFINITIONS = (
					"DEBUG=1",
					"$(inherited)",
				);
				GCC_WARN_64_TO_32_BIT_CONVERSION = YES;
				GCC_WARN_ABOUT_RETURN_TYPE = YES_ERROR;
				GCC_WARN_UNDECLARED_SELECTOR = YES;
				GCC_WARN_UNINITIALIZED_AUTOS = YES_AGGRESSIVE;
				GCC_WARN_UNUSED_FUNCTION = YES;
				GCC_WARN_UNUSED_VARIABLE = YES;
				IPHONEOS_DEPLOYMENT_TARGET = 26.2;
				LOCALIZATION_PREFERS_STRING_CATALOGS = YES;
				MTL_ENABLE_DEBUG_INFO = INCLUDE_SOURCE;
				MTL_FAST_MATH = YES;
				ONLY_ACTIVE_ARCH = YES;
				SDKROOT = iphoneos;
				SWIFT_ACTIVE_COMPILATION_CONDITIONS = "DEBUG $(inherited)";
				SWIFT_OPTIMIZATION_LEVEL = "-Onone";
			};
			name = Debug;
		};
		D90088582F38A17300CB1506 /* Release */ = {
			isa = XCBuildConfiguration;
			buildSettings = {
				ALWAYS_SEARCH_USER_PATHS = NO;
				ASSETCATALOG_COMPILER_GENERATE_SWIFT_ASSET_SYMBOL_EXTENSIONS = YES;
				CLANG_ANALYZER_NONNULL = YES;
				CLANG_ANALYZER_NUMBER_OBJECT_CONVERSION = YES_AGGRESSIVE;
				CLANG_CXX_LANGUAGE_STANDARD = "gnu++20";
				CLANG_ENABLE_MODULES = YES;
				CLANG_ENABLE_OBJC_ARC = YES;
				CLANG_ENABLE_OBJC_WEAK = YES;
				CLANG_WARN_BLOCK_CAPTURE_AUTORELEASING = YES;
				CLANG_WARN_BOOL_CONVERSION = YES;
				CLANG_WARN_COMMA = YES;
				CLANG_WARN_CONSTANT_CONVERSION = YES;
				CLANG_WARN_DEPRECATED_OBJC_IMPLEMENTATIONS = YES;
				CLANG_WARN_DIRECT_OBJC_ISA_USAGE = YES_ERROR;
				CLANG_WARN_DOCUMENTATION_COMMENTS = YES;
				CLANG_WARN_EMPTY_BODY = YES;
				CLANG_WARN_ENUM_CONVERSION = YES;
				CLANG_WARN_INFINITE_RECURSION = YES;
				CLANG_WARN_INT_CONVERSION = YES;
				CLANG_WARN_NON_LITERAL_NULL_CONVERSION = YES;
				CLANG_WARN_OBJC_IMPLICIT_RETAIN_SELF = YES;
				CLANG_WARN_OBJC_LITERAL_CONVERSION = YES;
				CLANG_WARN_OBJC_ROOT_CLASS = YES_ERROR;
				CLANG_WARN_QUOTED_INCLUDE_IN_FRAMEWORK_HEADER = YES;
				CLANG_WARN_RANGE_LOOP_ANALYSIS = YES;
				CLANG_WARN_STRICT_PROTOTYPES = YES;
				CLANG_WARN_SUSPICIOUS_MOVE = YES;
				CLANG_WARN_UNGUARDED_AVAILABILITY = YES_AGGRESSIVE;
				CLANG_WARN_UNREACHABLE_CODE = YES;
				CLANG_WARN__DUPLICATE_METHOD_MATCH = YES;
				COPY_PHASE_STRIP = NO;
				DEBUG_INFORMATION_FORMAT = "dwarf-with-dsym";
				ENABLE_NS_ASSERTIONS = NO;
				ENABLE_STRICT_OBJC_MSGSEND = YES;
				ENABLE_USER_SCRIPT_SANDBOXING = YES;
				GCC_C_LANGUAGE_STANDARD = gnu17;
				GCC_NO_COMMON_BLOCKS = YES;
				GCC_WARN_64_TO_32_BIT_CONVERSION = YES;
				GCC_WARN_ABOUT_RETURN_TYPE = YES_ERROR;
				GCC_WARN_UNDECLARED_SELECTOR = YES;
				GCC_WARN_UNINITIALIZED_AUTOS = YES_AGGRESSIVE;
				GCC_WARN_UNUSED_FUNCTION = YES;
				GCC_WARN_UNUSED_VARIABLE = YES;
				IPHONEOS_DEPLOYMENT_TARGET = 26.2;
				LOCALIZATION_PREFERS_STRING_CATALOGS = YES;
				MTL_ENABLE_DEBUG_INFO = NO;
				MTL_FAST_MATH = YES;
				SDKROOT = iphoneos;
				SWIFT_COMPILATION_MODE = wholemodule;
				VALIDATE_PRODUCT = YES;
			};
			name = Release;
		};
		D900885A2F38A17300CB1506 /* Debug */ = {
			isa = XCBuildConfiguration;
			buildSettings = {
				ASSETCATALOG_COMPILER_APPICON_NAME = AppIcon;
				ASSETCATALOG_COMPILER_GLOBAL_ACCENT_COLOR_NAME = AccentColor;
				CODE_SIGN_ENTITLEMENTS = miapp/miapp.entitlements;
				CODE_SIGN_STYLE = Automatic;
				CURRENT_PROJECT_VERSION = 1;
				DEVELOPMENT_TEAM = MM9BHDUA97;
					ENABLE_PREVIEWS = YES;
					GENERATE_INFOPLIST_FILE = YES;
					INFOPLIST_KEY_CFBundleDisplayName = "sopa diaria";
					INFOPLIST_KEY_UIApplicationSceneManifest_Generation = YES;
					INFOPLIST_KEY_UIApplicationSupportsIndirectInputEvents = YES;
					INFOPLIST_KEY_UILaunchScreen_Generation = YES;
				INFOPLIST_KEY_UISupportedInterfaceOrientations_iPad = "UIInterfaceOrientationPortrait UIInterfaceOrientationPortraitUpsideDown UIInterfaceOrientationLandscapeLeft UIInterfaceOrientationLandscapeRight";
				INFOPLIST_KEY_UISupportedInterfaceOrientations_iPhone = "UIInterfaceOrientationPortrait UIInterfaceOrientationLandscapeLeft UIInterfaceOrientationLandscapeRight";
				LD_RUNPATH_SEARCH_PATHS = (
					"$(inherited)",
					"@executable_path/Frameworks",
				);
				MARKETING_VERSION = 1.0;
				PRODUCT_BUNDLE_IDENTIFIER = com.pedrocarrasco.miapp;
				PRODUCT_NAME = "$(TARGET_NAME)";
				STRING_CATALOG_GENERATE_SYMBOLS = YES;
				SWIFT_APPROACHABLE_CONCURRENCY = YES;
				SWIFT_DEFAULT_ACTOR_ISOLATION = MainActor;
				SWIFT_EMIT_LOC_STRINGS = YES;
				SWIFT_UPCOMING_FEATURE_MEMBER_IMPORT_VISIBILITY = YES;
				SWIFT_VERSION = 5.0;
				TARGETED_DEVICE_FAMILY = "1,2";
			};
			name = Debug;
		};
		D900885B2F38A17300CB1506 /* Release */ = {
			isa = XCBuildConfiguration;
			buildSettings = {
				ASSETCATALOG_COMPILER_APPICON_NAME = AppIcon;
				ASSETCATALOG_COMPILER_GLOBAL_ACCENT_COLOR_NAME = AccentColor;
				CODE_SIGN_ENTITLEMENTS = miapp/miapp.entitlements;
				CODE_SIGN_STYLE = Automatic;
				CURRENT_PROJECT_VERSION = 1;
				DEVELOPMENT_TEAM = MM9BHDUA97;
					ENABLE_PREVIEWS = YES;
					GENERATE_INFOPLIST_FILE = YES;
					INFOPLIST_KEY_CFBundleDisplayName = "sopa diaria";
					INFOPLIST_KEY_UIApplicationSceneManifest_Generation = YES;
					INFOPLIST_KEY_UIApplicationSupportsIndirectInputEvents = YES;
					INFOPLIST_KEY_UILaunchScreen_Generation = YES;
				INFOPLIST_KEY_UISupportedInterfaceOrientations_iPad = "UIInterfaceOrientationPortrait UIInterfaceOrientationPortraitUpsideDown UIInterfaceOrientationLandscapeLeft UIInterfaceOrientationLandscapeRight";
				INFOPLIST_KEY_UISupportedInterfaceOrientations_iPhone = "UIInterfaceOrientationPortrait UIInterfaceOrientationLandscapeLeft UIInterfaceOrientationLandscapeRight";
				LD_RUNPATH_SEARCH_PATHS = (
					"$(inherited)",
					"@executable_path/Frameworks",
				);
				MARKETING_VERSION = 1.0;
				PRODUCT_BUNDLE_IDENTIFIER = com.pedrocarrasco.miapp;
				PRODUCT_NAME = "$(TARGET_NAME)";
				STRING_CATALOG_GENERATE_SYMBOLS = YES;
				SWIFT_APPROACHABLE_CONCURRENCY = YES;
				SWIFT_DEFAULT_ACTOR_ISOLATION = MainActor;
				SWIFT_EMIT_LOC_STRINGS = YES;
				SWIFT_UPCOMING_FEATURE_MEMBER_IMPORT_VISIBILITY = YES;
				SWIFT_VERSION = 5.0;
				TARGETED_DEVICE_FAMILY = "1,2";
			};
			name = Release;
		};
		D900885D2F38A17300CB1506 /* Debug */ = {
			isa = XCBuildConfiguration;
			buildSettings = {
				BUNDLE_LOADER = "$(TEST_HOST)";
				CODE_SIGN_STYLE = Automatic;
				CURRENT_PROJECT_VERSION = 1;
				DEVELOPMENT_TEAM = MM9BHDUA97;
				GENERATE_INFOPLIST_FILE = YES;
				IPHONEOS_DEPLOYMENT_TARGET = 26.2;
				MARKETING_VERSION = 1.0;
				PRODUCT_BUNDLE_IDENTIFIER = pedrocarrasco.miappTests;
				PRODUCT_NAME = "$(TARGET_NAME)";
				STRING_CATALOG_GENERATE_SYMBOLS = NO;
				SWIFT_APPROACHABLE_CONCURRENCY = YES;
				SWIFT_EMIT_LOC_STRINGS = NO;
				SWIFT_UPCOMING_FEATURE_MEMBER_IMPORT_VISIBILITY = YES;
				SWIFT_VERSION = 5.0;
				TARGETED_DEVICE_FAMILY = "1,2";
				TEST_HOST = "$(BUILT_PRODUCTS_DIR)/miapp.app/$(BUNDLE_EXECUTABLE_FOLDER_PATH)/miapp";
			};
			name = Debug;
		};
		D900885E2F38A17300CB1506 /* Release */ = {
			isa = XCBuildConfiguration;
			buildSettings = {
				BUNDLE_LOADER = "$(TEST_HOST)";
				CODE_SIGN_STYLE = Automatic;
				CURRENT_PROJECT_VERSION = 1;
				DEVELOPMENT_TEAM = MM9BHDUA97;
				GENERATE_INFOPLIST_FILE = YES;
				IPHONEOS_DEPLOYMENT_TARGET = 26.2;
				MARKETING_VERSION = 1.0;
				PRODUCT_BUNDLE_IDENTIFIER = pedrocarrasco.miappTests;
				PRODUCT_NAME = "$(TARGET_NAME)";
				STRING_CATALOG_GENERATE_SYMBOLS = NO;
				SWIFT_APPROACHABLE_CONCURRENCY = YES;
				SWIFT_EMIT_LOC_STRINGS = NO;
				SWIFT_UPCOMING_FEATURE_MEMBER_IMPORT_VISIBILITY = YES;
				SWIFT_VERSION = 5.0;
				TARGETED_DEVICE_FAMILY = "1,2";
				TEST_HOST = "$(BUILT_PRODUCTS_DIR)/miapp.app/$(BUNDLE_EXECUTABLE_FOLDER_PATH)/miapp";
			};
			name = Release;
		};
		D90088602F38A17300CB1506 /* Debug */ = {
			isa = XCBuildConfiguration;
			buildSettings = {
				CODE_SIGN_STYLE = Automatic;
				CURRENT_PROJECT_VERSION = 1;
				DEVELOPMENT_TEAM = MM9BHDUA97;
				GENERATE_INFOPLIST_FILE = YES;
				MARKETING_VERSION = 1.0;
				PRODUCT_BUNDLE_IDENTIFIER = pedrocarrasco.miappUITests;
				PRODUCT_NAME = "$(TARGET_NAME)";
				STRING_CATALOG_GENERATE_SYMBOLS = NO;
				SWIFT_APPROACHABLE_CONCURRENCY = YES;
				SWIFT_EMIT_LOC_STRINGS = NO;
				SWIFT_UPCOMING_FEATURE_MEMBER_IMPORT_VISIBILITY = YES;
				SWIFT_VERSION = 5.0;
				TARGETED_DEVICE_FAMILY = "1,2";
				TEST_TARGET_NAME = miapp;
			};
			name = Debug;
		};
		D90088612F38A17300CB1506 /* Release */ = {
			isa = XCBuildConfiguration;
			buildSettings = {
				CODE_SIGN_STYLE = Automatic;
				CURRENT_PROJECT_VERSION = 1;
				DEVELOPMENT_TEAM = MM9BHDUA97;
				GENERATE_INFOPLIST_FILE = YES;
				MARKETING_VERSION = 1.0;
				PRODUCT_BUNDLE_IDENTIFIER = pedrocarrasco.miappUITests;
				PRODUCT_NAME = "$(TARGET_NAME)";
				STRING_CATALOG_GENERATE_SYMBOLS = NO;
				SWIFT_APPROACHABLE_CONCURRENCY = YES;
				SWIFT_EMIT_LOC_STRINGS = NO;
				SWIFT_UPCOMING_FEATURE_MEMBER_IMPORT_VISIBILITY = YES;
				SWIFT_VERSION = 5.0;
				TARGETED_DEVICE_FAMILY = "1,2";
				TEST_TARGET_NAME = miapp;
			};
			name = Release;
		};
		D901000B2F38A17100CB1506 /* Debug */ = {
			isa = XCBuildConfiguration;
			buildSettings = {
				CODE_SIGN_ENTITLEMENTS = WordSearchWidgetExtension/WordSearchWidgetExtension.entitlements;
				CODE_SIGN_STYLE = Automatic;
				CURRENT_PROJECT_VERSION = 1;
				DEVELOPMENT_TEAM = MM9BHDUA97;
				GENERATE_INFOPLIST_FILE = NO;
				INFOPLIST_FILE = "WordSearchWidgetExtension-Info.plist";
				IPHONEOS_DEPLOYMENT_TARGET = 26.2;
				MARKETING_VERSION = 1.0;
				PRODUCT_BUNDLE_IDENTIFIER = com.pedrocarrasco.miapp.wordsearchwidget;
				PRODUCT_NAME = "$(TARGET_NAME)";
				SKIP_INSTALL = YES;
				SWIFT_VERSION = 5.0;
				TARGETED_DEVICE_FAMILY = "1,2";
			};
			name = Debug;
		};
		D901000C2F38A17100CB1506 /* Release */ = {
			isa = XCBuildConfiguration;
			buildSettings = {
				CODE_SIGN_ENTITLEMENTS = WordSearchWidgetExtension/WordSearchWidgetExtension.entitlements;
				CODE_SIGN_STYLE = Automatic;
				CURRENT_PROJECT_VERSION = 1;
				DEVELOPMENT_TEAM = MM9BHDUA97;
				GENERATE_INFOPLIST_FILE = NO;
				INFOPLIST_FILE = "WordSearchWidgetExtension-Info.plist";
				IPHONEOS_DEPLOYMENT_TARGET = 26.2;
				MARKETING_VERSION = 1.0;
				PRODUCT_BUNDLE_IDENTIFIER = com.pedrocarrasco.miapp.wordsearchwidget;
				PRODUCT_NAME = "$(TARGET_NAME)";
				SKIP_INSTALL = YES;
				SWIFT_VERSION = 5.0;
				TARGETED_DEVICE_FAMILY = "1,2";
			};
			name = Release;
		};
/* End XCBuildConfiguration section */

/* Begin XCConfigurationList section */
		D90088312F38A17100CB1506 /* Build configuration list for PBXProject "miapp" */ = {
			isa = XCConfigurationList;
			buildConfigurations = (
				D90088572F38A17300CB1506 /* Debug */,
				D90088582F38A17300CB1506 /* Release */,
			);
			defaultConfigurationIsVisible = 0;
			defaultConfigurationName = Release;
		};
		D90088592F38A17300CB1506 /* Build configuration list for PBXNativeTarget "miapp" */ = {
			isa = XCConfigurationList;
			buildConfigurations = (
				D900885A2F38A17300CB1506 /* Debug */,
				D900885B2F38A17300CB1506 /* Release */,
			);
			defaultConfigurationIsVisible = 0;
			defaultConfigurationName = Release;
		};
		D900885C2F38A17300CB1506 /* Build configuration list for PBXNativeTarget "miappTests" */ = {
			isa = XCConfigurationList;
			buildConfigurations = (
				D900885D2F38A17300CB1506 /* Debug */,
				D900885E2F38A17300CB1506 /* Release */,
			);
			defaultConfigurationIsVisible = 0;
			defaultConfigurationName = Release;
		};
		D900885F2F38A17300CB1506 /* Build configuration list for PBXNativeTarget "miappUITests" */ = {
			isa = XCConfigurationList;
			buildConfigurations = (
				D90088602F38A17300CB1506 /* Debug */,
				D90088612F38A17300CB1506 /* Release */,
			);
			defaultConfigurationIsVisible = 0;
			defaultConfigurationName = Release;
		};
		D901000D2F38A17100CB1506 /* Build configuration list for PBXNativeTarget "WordSearchWidgetExtension" */ = {
			isa = XCConfigurationList;
			buildConfigurations = (
				D901000B2F38A17100CB1506 /* Debug */,
				D901000C2F38A17100CB1506 /* Release */,
			);
			defaultConfigurationIsVisible = 0;
			defaultConfigurationName = Release;
		};
/* End XCConfigurationList section */
	};
	rootObject = D900882E2F38A17100CB1506 /* Project object */;
}
